
Microsoft Visual Studio Solution File, Format Version 12.00
Project("{FAE04EC0-301F-11D3-BF4B-00C04F79EFBC}") = "Lion.AbpPro.Cli.Core", "frameworks\src\Lion.AbpPro.Cli.Core\Lion.AbpPro.Cli.Core.csproj", "{56FE9DC1-E625-4A05-A96A-8DA4CB79B0B5}"
EndProject
Project("{FAE04EC0-301F-11D3-BF4B-00C04F79EFBC}") = "Lion.AbpPro.Cli", "frameworks\src\Lion.AbpPro.Cli\Lion.AbpPro.Cli.csproj", "{AA8325D9-C342-4AA0-A324-BF696D70B6CF}"
EndProject
Global
	GlobalSection(SolutionConfigurationPlatforms) = preSolution
		Debug|Any CPU = Debug|Any CPU
		Release|Any CPU = Release|Any CPU
	EndGlobalSection
	GlobalSection(ProjectConfigurationPlatforms) = postSolution
		{56FE9DC1-E625-4A05-A96A-8DA4CB79B0B5}.Debug|Any CPU.ActiveCfg = Debug|Any CPU
		{56FE9DC1-E625-4A05-A96A-8DA4CB79B0B5}.Debug|Any CPU.Build.0 = Debug|Any CPU
		{56FE9DC1-E625-4A05-A96A-8DA4CB79B0B5}.Release|Any CPU.ActiveCfg = Release|Any CPU
		{56FE9DC1-E625-4A05-A96A-8DA4CB79B0B5}.Release|Any CPU.Build.0 = Release|Any CPU
		{AA8325D9-C342-4AA0-A324-BF696D70B6CF}.Debug|Any CPU.ActiveCfg = Debug|Any CPU
		{AA8325D9-C342-4AA0-A324-BF696D70B6CF}.Debug|Any CPU.Build.0 = Debug|Any CPU
		{AA8325D9-C342-4AA0-A324-BF696D70B6CF}.Release|Any CPU.ActiveCfg = Release|Any CPU
		{AA8325D9-C342-4AA0-A324-BF696D70B6CF}.Release|Any CPU.Build.0 = Release|Any CPU
	EndGlobalSection
EndGlobal
