Microsoft Visual Studio Solution File, Format Version 12.00
# Visual Studio Version 17
VisualStudioVersion = 17.0.31410.414
MinimumVisualStudioVersion = 10.0.40219.1
Project("{9A19103F-16F7-4668-BE54-9A1E7A4F7556}") = "Lion.AbpPro.Domain", "services\src\Lion.AbpPro.Domain\Lion.AbpPro.Domain.csproj", "{554AD327-6DBA-4F8F-96F8-81CE7A0C863F}"
EndProject
Project("{9A19103F-16F7-4668-BE54-9A1E7A4F7556}") = "Lion.AbpPro.Application", "services\src\Lion.AbpPro.Application\Lion.AbpPro.Application.csproj", "{1A94A50E-06DC-43C1-80B5-B662820EC3EB}"
EndProject
Project("{9A19103F-16F7-4668-BE54-9A1E7A4F7556}") = "Lion.AbpPro.EntityFrameworkCore", "services\src\Lion.AbpPro.EntityFrameworkCore\Lion.AbpPro.EntityFrameworkCore.csproj", "{C956DD76-69C8-4A9C-83EA-D17DF83340FD}"
EndProject
Project("{2150E333-8FDC-42A3-9474-1A3956D46DE8}") = "src", "src", "{CA9AC87F-097E-4F15-8393-4BC07735A5B0}"
EndProject
Project("{2150E333-8FDC-42A3-9474-1A3956D46DE8}") = "test", "test", "{04DBDB01-70F4-4E06-B468-8F87850B22BE}"
EndProject
Project("{9A19103F-16F7-4668-BE54-9A1E7A4F7556}") = "Lion.AbpPro.Application.Tests", "services\test\Lion.AbpPro.Application.Tests\Lion.AbpPro.Application.Tests.csproj", "{50B2631D-129C-47B3-A587-029CCD6099BC}"
EndProject
Project("{9A19103F-16F7-4668-BE54-9A1E7A4F7556}") = "Lion.AbpPro.Domain.Shared", "services\src\Lion.AbpPro.Domain.Shared\Lion.AbpPro.Domain.Shared.csproj", "{42F719ED-8413-4895-B5B4-5AB56079BC66}"
EndProject
Project("{9A19103F-16F7-4668-BE54-9A1E7A4F7556}") = "Lion.AbpPro.Application.Contracts", "services\src\Lion.AbpPro.Application.Contracts\Lion.AbpPro.Application.Contracts.csproj", "{520659C8-C734-4298-A3DA-B539DB9DFC0B}"
EndProject
Project("{9A19103F-16F7-4668-BE54-9A1E7A4F7556}") = "Lion.AbpPro.HttpApi", "services\src\Lion.AbpPro.HttpApi\Lion.AbpPro.HttpApi.csproj", "{4164BDF7-F527-4E85-9CE6-E3C2D7426A27}"
EndProject
Project("{9A19103F-16F7-4668-BE54-9A1E7A4F7556}") = "Lion.AbpPro.HttpApi.Client", "services\src\Lion.AbpPro.HttpApi.Client\Lion.AbpPro.HttpApi.Client.csproj", "{3B5A0094-670D-4BB1-BFDD-61B88A8773DC}"
EndProject
Project("{9A19103F-16F7-4668-BE54-9A1E7A4F7556}") = "Lion.AbpPro.EntityFrameworkCore.Tests", "services\test\Lion.AbpPro.EntityFrameworkCore.Tests\Lion.AbpPro.EntityFrameworkCore.Tests.csproj", "{1FE30EB9-74A9-47F5-A9F6-7B1FAB672D81}"
EndProject
Project("{9A19103F-16F7-4668-BE54-9A1E7A4F7556}") = "Lion.AbpPro.TestBase", "services\test\Lion.AbpPro.TestBase\Lion.AbpPro.TestBase.csproj", "{91853F21-9CD9-4132-BC29-A7D5D84FFFE7}"
EndProject
Project("{9A19103F-16F7-4668-BE54-9A1E7A4F7556}") = "Lion.AbpPro.Domain.Tests", "services\test\Lion.AbpPro.Domain.Tests\Lion.AbpPro.Domain.Tests.csproj", "{E512F4D9-9375-480F-A2F6-A46509F9D824}"
EndProject
Project("{9A19103F-16F7-4668-BE54-9A1E7A4F7556}") = "Lion.AbpPro.HttpApi.Client.ConsoleTestApp", "services\test\Lion.AbpPro.HttpApi.Client.ConsoleTestApp\Lion.AbpPro.HttpApi.Client.ConsoleTestApp.csproj", "{EF480016-9127-4916-8735-D2466BDBC582}"
EndProject
Project("{9A19103F-16F7-4668-BE54-9A1E7A4F7556}") = "Lion.AbpPro.DbMigrator", "services\src\Lion.AbpPro.DbMigrator\Lion.AbpPro.DbMigrator.csproj", "{AA94D832-1CCC-4715-95A9-A483F23A1A5D}"
EndProject
Project("{2150E333-8FDC-42A3-9474-1A3956D46DE8}") = "services", "services", "{2C861ADD-76E9-4B3B-8A3C-638EBB67D683}"
EndProject
Project("{2150E333-8FDC-42A3-9474-1A3956D46DE8}") = "0.Solution Items", "0.Solution Items", "{2C4A6DB8-8D9E-42E6-B7C3-1EDB7B3DE22E}"
	ProjectSection(SolutionItems) = preProject
		global.json = global.json
		NuGet.Config = NuGet.Config
		Directory.Build.Microsoft.targets = Directory.Build.Microsoft.targets
		Directory.Build.targets = Directory.Build.targets
		Directory.Build.Volo.targets = Directory.Build.Volo.targets
		..\Readme.md = ..\Readme.md
	EndProjectSection
EndProject
Project("{2150E333-8FDC-42A3-9474-1A3956D46DE8}") = "modules", "modules", "{F8A8EB2A-2D4B-464F-9A13-F8F7B6A8FAA3}"
EndProject
Project("{2150E333-8FDC-42A3-9474-1A3956D46DE8}") = "frameworks", "frameworks", "{CC2EBB07-A070-4158-AB37-A0C0BBAEA9F5}"
EndProject
Project("{2150E333-8FDC-42A3-9474-1A3956D46DE8}") = "Extensions", "Extensions", "{9F5676A3-00DC-48B7-93D1-341C39E19BB9}"
EndProject
Project("{2150E333-8FDC-42A3-9474-1A3956D46DE8}") = "src", "src", "{C4AC9352-C9F5-4096-8D73-13638232CFB9}"
EndProject
Project("{2150E333-8FDC-42A3-9474-1A3956D46DE8}") = "NotificationManagement", "NotificationManagement", "{EB2B8705-18E7-49E1-A565-93A6DE5570D5}"
EndProject
Project("{2150E333-8FDC-42A3-9474-1A3956D46DE8}") = "src", "src", "{E28AECBD-2904-477C-9817-C67312330A41}"
EndProject
Project("{2150E333-8FDC-42A3-9474-1A3956D46DE8}") = "test", "test", "{120FE15B-3E5C-4BFF-B874-F09235C9E1ED}"
EndProject
Project("{9A19103F-16F7-4668-BE54-9A1E7A4F7556}") = "Lion.AbpPro.NotificationManagement.Domain.Shared", "modules\NotificationManagement\src\Lion.AbpPro.NotificationManagement.Domain.Shared\Lion.AbpPro.NotificationManagement.Domain.Shared.csproj", "{3E69D96A-F923-4AC4-8430-9AAB84B6A3FE}"
EndProject
Project("{9A19103F-16F7-4668-BE54-9A1E7A4F7556}") = "Lion.AbpPro.NotificationManagement.Domain", "modules\NotificationManagement\src\Lion.AbpPro.NotificationManagement.Domain\Lion.AbpPro.NotificationManagement.Domain.csproj", "{F475DD35-9F27-43FF-9D96-365661ADC3C6}"
EndProject
Project("{9A19103F-16F7-4668-BE54-9A1E7A4F7556}") = "Lion.AbpPro.NotificationManagement.Application.Contracts", "modules\NotificationManagement\src\Lion.AbpPro.NotificationManagement.Application.Contracts\Lion.AbpPro.NotificationManagement.Application.Contracts.csproj", "{34B5BCF2-95C0-4136-AC9E-FC80D8ACBD1C}"
EndProject
Project("{9A19103F-16F7-4668-BE54-9A1E7A4F7556}") = "Lion.AbpPro.NotificationManagement.Application", "modules\NotificationManagement\src\Lion.AbpPro.NotificationManagement.Application\Lion.AbpPro.NotificationManagement.Application.csproj", "{4ADEEE7D-7886-4F85-BAA2-CCEE6E30EBFD}"
EndProject
Project("{9A19103F-16F7-4668-BE54-9A1E7A4F7556}") = "Lion.AbpPro.NotificationManagement.EntityFrameworkCore", "modules\NotificationManagement\src\Lion.AbpPro.NotificationManagement.EntityFrameworkCore\Lion.AbpPro.NotificationManagement.EntityFrameworkCore.csproj", "{10DF0925-A1EE-4B1C-AAF6-249C6D02424C}"
EndProject
Project("{9A19103F-16F7-4668-BE54-9A1E7A4F7556}") = "Lion.AbpPro.NotificationManagement.HttpApi", "modules\NotificationManagement\src\Lion.AbpPro.NotificationManagement.HttpApi\Lion.AbpPro.NotificationManagement.HttpApi.csproj", "{0880AA9C-0E45-43B3-B02A-093736CDD961}"
EndProject
Project("{9A19103F-16F7-4668-BE54-9A1E7A4F7556}") = "Lion.AbpPro.NotificationManagement.HttpApi.Client", "modules\NotificationManagement\src\Lion.AbpPro.NotificationManagement.HttpApi.Client\Lion.AbpPro.NotificationManagement.HttpApi.Client.csproj", "{B3554E2E-7150-482F-A08F-DCB8BD166FED}"
EndProject
Project("{9A19103F-16F7-4668-BE54-9A1E7A4F7556}") = "Lion.AbpPro.NotificationManagement.Application.Tests", "modules\NotificationManagement\test\Lion.AbpPro.NotificationManagement.Application.Tests\Lion.AbpPro.NotificationManagement.Application.Tests.csproj", "{22A3A359-C6F4-4540-A61F-C8E94A73C95E}"
EndProject
Project("{9A19103F-16F7-4668-BE54-9A1E7A4F7556}") = "Lion.AbpPro.NotificationManagement.Domain.Tests", "modules\NotificationManagement\test\Lion.AbpPro.NotificationManagement.Domain.Tests\Lion.AbpPro.NotificationManagement.Domain.Tests.csproj", "{FCE5BD62-F7C7-45EA-80DE-B4880C4A84C6}"
EndProject
Project("{9A19103F-16F7-4668-BE54-9A1E7A4F7556}") = "Lion.AbpPro.NotificationManagement.EntityFrameworkCore.Tests", "modules\NotificationManagement\test\Lion.AbpPro.NotificationManagement.EntityFrameworkCore.Tests\Lion.AbpPro.NotificationManagement.EntityFrameworkCore.Tests.csproj", "{19A921F2-1587-4E94-A023-B81956874DAB}"
EndProject
Project("{9A19103F-16F7-4668-BE54-9A1E7A4F7556}") = "Lion.AbpPro.NotificationManagement.TestBase", "modules\NotificationManagement\test\Lion.AbpPro.NotificationManagement.TestBase\Lion.AbpPro.NotificationManagement.TestBase.csproj", "{91A3257D-0D1A-479D-8F3C-DBB1944802FE}"
EndProject
Project("{2150E333-8FDC-42A3-9474-1A3956D46DE8}") = "DataDictionaryManagement", "DataDictionaryManagement", "{9C53260A-6F4B-4106-98B0-EDCC10BB3E1A}"
EndProject
Project("{2150E333-8FDC-42A3-9474-1A3956D46DE8}") = "src", "src", "{D1CFD035-1562-42CF-A96A-0E2EA8D92E80}"
EndProject
Project("{2150E333-8FDC-42A3-9474-1A3956D46DE8}") = "test", "test", "{E76E35FC-B62E-48D5-A7AF-79375CFD20BD}"
EndProject
Project("{9A19103F-16F7-4668-BE54-9A1E7A4F7556}") = "Lion.AbpPro.DataDictionaryManagement.Application", "modules\DataDictionaryManagement\src\Lion.AbpPro.DataDictionaryManagement.Application\Lion.AbpPro.DataDictionaryManagement.Application.csproj", "{5E6550EA-D878-455C-8EF7-5382661C1D52}"
EndProject
Project("{9A19103F-16F7-4668-BE54-9A1E7A4F7556}") = "Lion.AbpPro.DataDictionaryManagement.Application.Contracts", "modules\DataDictionaryManagement\src\Lion.AbpPro.DataDictionaryManagement.Application.Contracts\Lion.AbpPro.DataDictionaryManagement.Application.Contracts.csproj", "{14CDCC5A-006A-41EC-8B48-F3EFAC842432}"
EndProject
Project("{9A19103F-16F7-4668-BE54-9A1E7A4F7556}") = "Lion.AbpPro.DataDictionaryManagement.Domain", "modules\DataDictionaryManagement\src\Lion.AbpPro.DataDictionaryManagement.Domain\Lion.AbpPro.DataDictionaryManagement.Domain.csproj", "{11C6A285-8BC0-44C9-9FAB-F93462C75ABC}"
EndProject
Project("{9A19103F-16F7-4668-BE54-9A1E7A4F7556}") = "Lion.AbpPro.DataDictionaryManagement.Domain.Shared", "modules\DataDictionaryManagement\src\Lion.AbpPro.DataDictionaryManagement.Domain.Shared\Lion.AbpPro.DataDictionaryManagement.Domain.Shared.csproj", "{C7EB7304-CADD-4F09-84AC-43123406B28F}"
EndProject
Project("{9A19103F-16F7-4668-BE54-9A1E7A4F7556}") = "Lion.AbpPro.DataDictionaryManagement.EntityFrameworkCore", "modules\DataDictionaryManagement\src\Lion.AbpPro.DataDictionaryManagement.EntityFrameworkCore\Lion.AbpPro.DataDictionaryManagement.EntityFrameworkCore.csproj", "{DE15C716-E1C3-4FC3-B976-7EA06EBF23F5}"
EndProject
Project("{9A19103F-16F7-4668-BE54-9A1E7A4F7556}") = "Lion.AbpPro.DataDictionaryManagement.HttpApi", "modules\DataDictionaryManagement\src\Lion.AbpPro.DataDictionaryManagement.HttpApi\Lion.AbpPro.DataDictionaryManagement.HttpApi.csproj", "{430D3AF9-DCCF-4B6F-BFAF-1ECC2F0594A2}"
EndProject
Project("{9A19103F-16F7-4668-BE54-9A1E7A4F7556}") = "Lion.AbpPro.DataDictionaryManagement.HttpApi.Client", "modules\DataDictionaryManagement\src\Lion.AbpPro.DataDictionaryManagement.HttpApi.Client\Lion.AbpPro.DataDictionaryManagement.HttpApi.Client.csproj", "{CC104C76-0CC6-453E-A49D-C4995B6EB72B}"
EndProject
Project("{9A19103F-16F7-4668-BE54-9A1E7A4F7556}") = "Lion.AbpPro.DataDictionaryManagement.Application.Tests", "modules\DataDictionaryManagement\test\Lion.AbpPro.DataDictionaryManagement.Application.Tests\Lion.AbpPro.DataDictionaryManagement.Application.Tests.csproj", "{13AF64F3-8962-4568-A0E1-833CCA1922D5}"
EndProject
Project("{9A19103F-16F7-4668-BE54-9A1E7A4F7556}") = "Lion.AbpPro.DataDictionaryManagement.Domain.Tests", "modules\DataDictionaryManagement\test\Lion.AbpPro.DataDictionaryManagement.Domain.Tests\Lion.AbpPro.DataDictionaryManagement.Domain.Tests.csproj", "{F9FADD90-8634-4B03-AC44-9F6C80B30E73}"
EndProject
Project("{9A19103F-16F7-4668-BE54-9A1E7A4F7556}") = "Lion.AbpPro.DataDictionaryManagement.EntityFrameworkCore.Tests", "modules\DataDictionaryManagement\test\Lion.AbpPro.DataDictionaryManagement.EntityFrameworkCore.Tests\Lion.AbpPro.DataDictionaryManagement.EntityFrameworkCore.Tests.csproj", "{8BC28722-20CC-41BD-B183-4E33E94CA2A7}"
EndProject
Project("{9A19103F-16F7-4668-BE54-9A1E7A4F7556}") = "Lion.AbpPro.DataDictionaryManagement.TestBase", "modules\DataDictionaryManagement\test\Lion.AbpPro.DataDictionaryManagement.TestBase\Lion.AbpPro.DataDictionaryManagement.TestBase.csproj", "{6A398750-D7D8-43DC-8DF8-AA65C5766154}"
EndProject
Project("{2150E333-8FDC-42A3-9474-1A3956D46DE8}") = "host", "host", "{5AACD0EE-F2B2-49F6-868F-8FE08D7243C0}"
EndProject
Project("{9A19103F-16F7-4668-BE54-9A1E7A4F7556}") = "Lion.AbpPro.DataDictionaryManagement.HttpApi.Host", "modules\DataDictionaryManagement\host\Lion.AbpPro.DataDictionaryManagement.HttpApi.Host\Lion.AbpPro.DataDictionaryManagement.HttpApi.Host.csproj", "{8D196E3D-6F95-4793-B948-79669AF09017}"
EndProject
Project("{2150E333-8FDC-42A3-9474-1A3956D46DE8}") = "host", "host", "{8C1B8C6C-C518-4290-B070-622CCA6004DA}"
EndProject
Project("{2150E333-8FDC-42A3-9474-1A3956D46DE8}") = "CAP", "CAP", "{2C09EED0-5AF6-4F1E-B05A-FB3272EDF6E8}"
EndProject
Project("{2150E333-8FDC-42A3-9474-1A3956D46DE8}") = "src", "src", "{11ED8435-B5AE-4BF3-9D4B-51FA1E4A18A6}"
EndProject
Project("{9A19103F-16F7-4668-BE54-9A1E7A4F7556}") = "Lion.AbpPro.HttpApi.Host", "services\host\Lion.AbpPro.HttpApi.Host\Lion.AbpPro.HttpApi.Host.csproj", "{FB20372D-6C96-4733-9AAC-12522F15CAA6}"
EndProject
Project("{2150E333-8FDC-42A3-9474-1A3956D46DE8}") = "shared", "shared", "{6434E3F2-B352-4B30-839A-88C2BA166D96}"
EndProject
Project("{9A19103F-16F7-4668-BE54-9A1E7A4F7556}") = "Lion.AbpPro.Shared.Hosting.Microservices", "shared\Lion.AbpPro.Shared.Hosting.Microservices\Lion.AbpPro.Shared.Hosting.Microservices.csproj", "{A091AE9B-3A1E-49AC-9AD5-D29310512A3D}"
EndProject
Project("{9A19103F-16F7-4668-BE54-9A1E7A4F7556}") = "Lion.AbpPro.Shared.Hosting.Gateways", "shared\Lion.AbpPro.Shared.Hosting.Gateways\Lion.AbpPro.Shared.Hosting.Gateways.csproj", "{C018EFF9-579E-43B3-9181-543BE95E2E03}"
EndProject
Project("{2150E333-8FDC-42A3-9474-1A3956D46DE8}") = "gateways", "gateways", "{5C304CBC-F30D-413C-A0AF-8B6814A2D4A3}"
EndProject
Project("{9A19103F-16F7-4668-BE54-9A1E7A4F7556}") = "Lion.AbpPro.WebGateway", "gateways\Lion.AbpPro.WebGateway\Lion.AbpPro.WebGateway.csproj", "{D9108313-8D05-4F5F-9AA0-B443EC3374B6}"
EndProject
Project("{9A19103F-16F7-4668-BE54-9A1E7A4F7556}") = "Lion.AbpPro.Extension", "frameworks\Extensions\src\Lion.AbpPro.Extension\Lion.AbpPro.Extension.csproj", "{4C65690E-2C17-46A1-BB35-A51BAB2EA3B7}"
EndProject
Project("{9A19103F-16F7-4668-BE54-9A1E7A4F7556}") = "Lion.AbpPro.CAP", "frameworks\CAP\src\Lion.AbpPro.CAP\Lion.AbpPro.CAP.csproj", "{3C3FF821-E43D-4D58-8B3C-1E97F4518EF7}"
EndProject
Project("{2150E333-8FDC-42A3-9474-1A3956D46DE8}") = "FileManagement", "FileManagement", "{F604F9BE-CAAB-4D94-8989-22DE4D966C7A}"
EndProject
Project("{2150E333-8FDC-42A3-9474-1A3956D46DE8}") = "host", "host", "{C188A1F4-9601-42E5-9A0A-B282E13EAC41}"
EndProject
Project("{2150E333-8FDC-42A3-9474-1A3956D46DE8}") = "src", "src", "{2CC8E555-AA80-4D7A-B606-0821E6754187}"
EndProject
Project("{2150E333-8FDC-42A3-9474-1A3956D46DE8}") = "test", "test", "{40BF21CB-4520-45A6-A588-5FFB95BAC87C}"
EndProject
Project("{9A19103F-16F7-4668-BE54-9A1E7A4F7556}") = "Lion.AbpPro.FileManagement.Domain.Shared", "modules\FileManagement\src\Lion.AbpPro.FileManagement.Domain.Shared\Lion.AbpPro.FileManagement.Domain.Shared.csproj", "{866B0894-2B50-484E-BE7E-F221956557F3}"
EndProject
Project("{9A19103F-16F7-4668-BE54-9A1E7A4F7556}") = "Lion.AbpPro.FileManagement.Application", "modules\FileManagement\src\Lion.AbpPro.FileManagement.Application\Lion.AbpPro.FileManagement.Application.csproj", "{E7B2B79A-09D3-4B7D-83A1-F6DE57E8584B}"
EndProject
Project("{9A19103F-16F7-4668-BE54-9A1E7A4F7556}") = "Lion.AbpPro.FileManagement.Application.Contracts", "modules\FileManagement\src\Lion.AbpPro.FileManagement.Application.Contracts\Lion.AbpPro.FileManagement.Application.Contracts.csproj", "{3B5E4384-9E08-46A6-B526-DF198823D7C8}"
EndProject
Project("{9A19103F-16F7-4668-BE54-9A1E7A4F7556}") = "Lion.AbpPro.FileManagement.Domain", "modules\FileManagement\src\Lion.AbpPro.FileManagement.Domain\Lion.AbpPro.FileManagement.Domain.csproj", "{23BCC55E-3D30-4E4E-8489-15A5894EE480}"
EndProject
Project("{9A19103F-16F7-4668-BE54-9A1E7A4F7556}") = "Lion.AbpPro.FileManagement.EntityFrameworkCore", "modules\FileManagement\src\Lion.AbpPro.FileManagement.EntityFrameworkCore\Lion.AbpPro.FileManagement.EntityFrameworkCore.csproj", "{81B29ECF-F004-4DC6-9126-2E45B02C2DFE}"
EndProject
Project("{9A19103F-16F7-4668-BE54-9A1E7A4F7556}") = "Lion.AbpPro.FileManagement.HttpApi", "modules\FileManagement\src\Lion.AbpPro.FileManagement.HttpApi\Lion.AbpPro.FileManagement.HttpApi.csproj", "{65270240-0157-423A-9115-EAE2992E2FE7}"
EndProject
Project("{9A19103F-16F7-4668-BE54-9A1E7A4F7556}") = "Lion.AbpPro.FileManagement.HttpApi.Client", "modules\FileManagement\src\Lion.AbpPro.FileManagement.HttpApi.Client\Lion.AbpPro.FileManagement.HttpApi.Client.csproj", "{72C8D8FA-9B61-415F-8FAF-08BC7BD13E9C}"
EndProject
Project("{9A19103F-16F7-4668-BE54-9A1E7A4F7556}") = "Lion.AbpPro.FileManagement.Application.Tests", "modules\FileManagement\test\Lion.AbpPro.FileManagement.Application.Tests\Lion.AbpPro.FileManagement.Application.Tests.csproj", "{E6D3F0F8-0683-4A00-8459-C9C4C65D825D}"
EndProject
Project("{9A19103F-16F7-4668-BE54-9A1E7A4F7556}") = "Lion.AbpPro.FileManagement.Domain.Tests", "modules\FileManagement\test\Lion.AbpPro.FileManagement.Domain.Tests\Lion.AbpPro.FileManagement.Domain.Tests.csproj", "{C912E1E7-4F8F-4ADB-BB27-D40B1903FED0}"
EndProject
Project("{9A19103F-16F7-4668-BE54-9A1E7A4F7556}") = "Lion.AbpPro.FileManagement.EntityFrameworkCore.Tests", "modules\FileManagement\test\Lion.AbpPro.FileManagement.EntityFrameworkCore.Tests\Lion.AbpPro.FileManagement.EntityFrameworkCore.Tests.csproj", "{80E12564-E2B3-4307-B40E-20E24BF02916}"
EndProject
Project("{9A19103F-16F7-4668-BE54-9A1E7A4F7556}") = "Lion.AbpPro.FileManagement.TestBase", "modules\FileManagement\test\Lion.AbpPro.FileManagement.TestBase\Lion.AbpPro.FileManagement.TestBase.csproj", "{78589964-923E-4803-9B74-183487C3ED0F}"
EndProject
Project("{9A19103F-16F7-4668-BE54-9A1E7A4F7556}") = "Lion.AbpPro.FileManagement.HttpApi.Host", "modules\FileManagement\host\Lion.AbpPro.FileManagement.HttpApi.Host\Lion.AbpPro.FileManagement.HttpApi.Host.csproj", "{831CD22A-AC6E-4515-AB24-8C96B34C717F}"
EndProject
Project("{9A19103F-16F7-4668-BE54-9A1E7A4F7556}") = "Lion.AbpPro.FreeSqlRepository", "services\src\Lion.AbpPro.FreeSqlRepository\Lion.AbpPro.FreeSqlRepository.csproj", "{27C7A0E6-4C2E-4AFF-9DE7-1F526DDC0D18}"
EndProject
Project("{FAE04EC0-301F-11D3-BF4B-00C04F79EFBC}") = "Lion.AbpPro.FreeSqlRepository.Tests", "services\test\Lion.AbpPro.FreeSqlRepository.Tests\Lion.AbpPro.FreeSqlRepository.Tests.csproj", "{7971DF5A-B001-4751-8F40-D7752C612BF1}"
EndProject
Project("{2150E333-8FDC-42A3-9474-1A3956D46DE8}") = "host", "host", "{7FF93622-971D-4B30-A5FC-72D729D26E29}"
EndProject
Project("{FAE04EC0-301F-11D3-BF4B-00C04F79EFBC}") = "Lion.AbpPro.NotificationManagement.HttpApi.Host", "modules\NotificationManagement\host\Lion.AbpPro.NotificationManagement.HttpApi.Host\Lion.AbpPro.NotificationManagement.HttpApi.Host.csproj", "{FA5E029F-1826-4C1E-8AED-6FA5C3362A3A}"
EndProject
Project("{2150E333-8FDC-42A3-9474-1A3956D46DE8}") = "BasicManagement", "BasicManagement", "{C2FE6BA0-3DE5-403F-A91F-BCB9ADA5B068}"
EndProject
Project("{2150E333-8FDC-42A3-9474-1A3956D46DE8}") = "host", "host", "{4E6D558B-CA6D-4133-8701-FDC6F245DA37}"
EndProject
Project("{2150E333-8FDC-42A3-9474-1A3956D46DE8}") = "src", "src", "{AF419621-2F14-45CE-AF1B-B688E1B21BCB}"
EndProject
Project("{2150E333-8FDC-42A3-9474-1A3956D46DE8}") = "test", "test", "{6464122A-1DC2-45E8-B599-4B5C32FBC85B}"
EndProject
Project("{FAE04EC0-301F-11D3-BF4B-00C04F79EFBC}") = "Lion.AbpPro.BasicManagement.HttpApi.Client", "modules\BasicManagement\src\Lion.AbpPro.BasicManagement.HttpApi.Client\Lion.AbpPro.BasicManagement.HttpApi.Client.csproj", "{97EE641B-69AB-40A6-B20B-4A7FD3B2681E}"
EndProject
Project("{FAE04EC0-301F-11D3-BF4B-00C04F79EFBC}") = "Lion.AbpPro.BasicManagement.HttpApi", "modules\BasicManagement\src\Lion.AbpPro.BasicManagement.HttpApi\Lion.AbpPro.BasicManagement.HttpApi.csproj", "{0EE57014-A75A-4E54-97B6-785C2F874EA4}"
EndProject
Project("{FAE04EC0-301F-11D3-BF4B-00C04F79EFBC}") = "Lion.AbpPro.BasicManagement.EntityFrameworkCore", "modules\BasicManagement\src\Lion.AbpPro.BasicManagement.EntityFrameworkCore\Lion.AbpPro.BasicManagement.EntityFrameworkCore.csproj", "{4F5841EB-A0C9-4E89-AA02-376F2190F68D}"
EndProject
Project("{FAE04EC0-301F-11D3-BF4B-00C04F79EFBC}") = "Lion.AbpPro.BasicManagement.Domain.Shared", "modules\BasicManagement\src\Lion.AbpPro.BasicManagement.Domain.Shared\Lion.AbpPro.BasicManagement.Domain.Shared.csproj", "{C4E1B96F-7905-48ED-AD72-98F5983E65A5}"
EndProject
Project("{FAE04EC0-301F-11D3-BF4B-00C04F79EFBC}") = "Lion.AbpPro.BasicManagement.Domain", "modules\BasicManagement\src\Lion.AbpPro.BasicManagement.Domain\Lion.AbpPro.BasicManagement.Domain.csproj", "{95385FBA-53E4-4144-B6FE-B5561081B9F9}"
EndProject
Project("{FAE04EC0-301F-11D3-BF4B-00C04F79EFBC}") = "Lion.AbpPro.BasicManagement.Application.Contracts", "modules\BasicManagement\src\Lion.AbpPro.BasicManagement.Application.Contracts\Lion.AbpPro.BasicManagement.Application.Contracts.csproj", "{4D808FF7-C204-40F1-881D-21B27D8D290E}"
EndProject
Project("{FAE04EC0-301F-11D3-BF4B-00C04F79EFBC}") = "Lion.AbpPro.BasicManagement.Application", "modules\BasicManagement\src\Lion.AbpPro.BasicManagement.Application\Lion.AbpPro.BasicManagement.Application.csproj", "{354E0590-F6B2-43F5-A563-F543C498F3EA}"
EndProject
Project("{FAE04EC0-301F-11D3-BF4B-00C04F79EFBC}") = "Lion.AbpPro.BasicManagement.TestBase", "modules\BasicManagement\test\Lion.AbpPro.BasicManagement.TestBase\Lion.AbpPro.BasicManagement.TestBase.csproj", "{47F2E236-E6BE-4F52-8389-5CF03BDC9B78}"
EndProject
Project("{FAE04EC0-301F-11D3-BF4B-00C04F79EFBC}") = "Lion.AbpPro.BasicManagement.HttpApi.Client.ConsoleTestApp", "modules\BasicManagement\test\Lion.AbpPro.BasicManagement.HttpApi.Client.ConsoleTestApp\Lion.AbpPro.BasicManagement.HttpApi.Client.ConsoleTestApp.csproj", "{1368FE7F-E1A7-4FD5-AF05-CFA59C0E0E69}"
EndProject
Project("{FAE04EC0-301F-11D3-BF4B-00C04F79EFBC}") = "Lion.AbpPro.BasicManagement.EntityFrameworkCore.Tests", "modules\BasicManagement\test\Lion.AbpPro.BasicManagement.EntityFrameworkCore.Tests\Lion.AbpPro.BasicManagement.EntityFrameworkCore.Tests.csproj", "{9ECCC0EC-CC5A-4E49-96BE-3F2B15CCD94D}"
EndProject
Project("{FAE04EC0-301F-11D3-BF4B-00C04F79EFBC}") = "Lion.AbpPro.BasicManagement.Domain.Tests", "modules\BasicManagement\test\Lion.AbpPro.BasicManagement.Domain.Tests\Lion.AbpPro.BasicManagement.Domain.Tests.csproj", "{2BACB63E-2830-4371-AEBB-E8089E3EB316}"
EndProject
Project("{FAE04EC0-301F-11D3-BF4B-00C04F79EFBC}") = "Lion.AbpPro.BasicManagement.Application.Tests", "modules\BasicManagement\test\Lion.AbpPro.BasicManagement.Application.Tests\Lion.AbpPro.BasicManagement.Application.Tests.csproj", "{19A28EF9-A5AE-4EC5-851C-D2547E5FE29C}"
EndProject
Project("{FAE04EC0-301F-11D3-BF4B-00C04F79EFBC}") = "Lion.AbpPro.BasicManagement.HttpApi.Host", "modules\BasicManagement\host\Lion.AbpPro.BasicManagement.HttpApi.Host\Lion.AbpPro.BasicManagement.HttpApi.Host.csproj", "{26765303-B9D8-457B-915C-ED869CEEB210}"
EndProject
Global
	GlobalSection(SolutionConfigurationPlatforms) = preSolution
		Debug|Any CPU = Debug|Any CPU
		Release|Any CPU = Release|Any CPU
	EndGlobalSection
	GlobalSection(ProjectConfigurationPlatforms) = postSolution
		{554AD327-6DBA-4F8F-96F8-81CE7A0C863F}.Debug|Any CPU.ActiveCfg = Debug|Any CPU
		{554AD327-6DBA-4F8F-96F8-81CE7A0C863F}.Debug|Any CPU.Build.0 = Debug|Any CPU
		{554AD327-6DBA-4F8F-96F8-81CE7A0C863F}.Release|Any CPU.ActiveCfg = Release|Any CPU
		{554AD327-6DBA-4F8F-96F8-81CE7A0C863F}.Release|Any CPU.Build.0 = Release|Any CPU
		{1A94A50E-06DC-43C1-80B5-B662820EC3EB}.Debug|Any CPU.ActiveCfg = Debug|Any CPU
		{1A94A50E-06DC-43C1-80B5-B662820EC3EB}.Debug|Any CPU.Build.0 = Debug|Any CPU
		{1A94A50E-06DC-43C1-80B5-B662820EC3EB}.Release|Any CPU.ActiveCfg = Release|Any CPU
		{1A94A50E-06DC-43C1-80B5-B662820EC3EB}.Release|Any CPU.Build.0 = Release|Any CPU
		{C956DD76-69C8-4A9C-83EA-D17DF83340FD}.Debug|Any CPU.ActiveCfg = Debug|Any CPU
		{C956DD76-69C8-4A9C-83EA-D17DF83340FD}.Debug|Any CPU.Build.0 = Debug|Any CPU
		{C956DD76-69C8-4A9C-83EA-D17DF83340FD}.Release|Any CPU.ActiveCfg = Release|Any CPU
		{C956DD76-69C8-4A9C-83EA-D17DF83340FD}.Release|Any CPU.Build.0 = Release|Any CPU
		{50B2631D-129C-47B3-A587-029CCD6099BC}.Debug|Any CPU.ActiveCfg = Debug|Any CPU
		{50B2631D-129C-47B3-A587-029CCD6099BC}.Debug|Any CPU.Build.0 = Debug|Any CPU
		{50B2631D-129C-47B3-A587-029CCD6099BC}.Release|Any CPU.ActiveCfg = Release|Any CPU
		{50B2631D-129C-47B3-A587-029CCD6099BC}.Release|Any CPU.Build.0 = Release|Any CPU
		{42F719ED-8413-4895-B5B4-5AB56079BC66}.Debug|Any CPU.ActiveCfg = Debug|Any CPU
		{42F719ED-8413-4895-B5B4-5AB56079BC66}.Debug|Any CPU.Build.0 = Debug|Any CPU
		{42F719ED-8413-4895-B5B4-5AB56079BC66}.Release|Any CPU.ActiveCfg = Release|Any CPU
		{42F719ED-8413-4895-B5B4-5AB56079BC66}.Release|Any CPU.Build.0 = Release|Any CPU
		{520659C8-C734-4298-A3DA-B539DB9DFC0B}.Debug|Any CPU.ActiveCfg = Debug|Any CPU
		{520659C8-C734-4298-A3DA-B539DB9DFC0B}.Debug|Any CPU.Build.0 = Debug|Any CPU
		{520659C8-C734-4298-A3DA-B539DB9DFC0B}.Release|Any CPU.ActiveCfg = Release|Any CPU
		{520659C8-C734-4298-A3DA-B539DB9DFC0B}.Release|Any CPU.Build.0 = Release|Any CPU
		{4164BDF7-F527-4E85-9CE6-E3C2D7426A27}.Debug|Any CPU.ActiveCfg = Debug|Any CPU
		{4164BDF7-F527-4E85-9CE6-E3C2D7426A27}.Debug|Any CPU.Build.0 = Debug|Any CPU
		{4164BDF7-F527-4E85-9CE6-E3C2D7426A27}.Release|Any CPU.ActiveCfg = Release|Any CPU
		{4164BDF7-F527-4E85-9CE6-E3C2D7426A27}.Release|Any CPU.Build.0 = Release|Any CPU
		{3B5A0094-670D-4BB1-BFDD-61B88A8773DC}.Debug|Any CPU.ActiveCfg = Debug|Any CPU
		{3B5A0094-670D-4BB1-BFDD-61B88A8773DC}.Debug|Any CPU.Build.0 = Debug|Any CPU
		{3B5A0094-670D-4BB1-BFDD-61B88A8773DC}.Release|Any CPU.ActiveCfg = Release|Any CPU
		{3B5A0094-670D-4BB1-BFDD-61B88A8773DC}.Release|Any CPU.Build.0 = Release|Any CPU
		{1FE30EB9-74A9-47F5-A9F6-7B1FAB672D81}.Debug|Any CPU.ActiveCfg = Debug|Any CPU
		{1FE30EB9-74A9-47F5-A9F6-7B1FAB672D81}.Debug|Any CPU.Build.0 = Debug|Any CPU
		{1FE30EB9-74A9-47F5-A9F6-7B1FAB672D81}.Release|Any CPU.ActiveCfg = Release|Any CPU
		{1FE30EB9-74A9-47F5-A9F6-7B1FAB672D81}.Release|Any CPU.Build.0 = Release|Any CPU
		{91853F21-9CD9-4132-BC29-A7D5D84FFFE7}.Debug|Any CPU.ActiveCfg = Debug|Any CPU
		{91853F21-9CD9-4132-BC29-A7D5D84FFFE7}.Debug|Any CPU.Build.0 = Debug|Any CPU
		{91853F21-9CD9-4132-BC29-A7D5D84FFFE7}.Release|Any CPU.ActiveCfg = Release|Any CPU
		{91853F21-9CD9-4132-BC29-A7D5D84FFFE7}.Release|Any CPU.Build.0 = Release|Any CPU
		{E512F4D9-9375-480F-A2F6-A46509F9D824}.Debug|Any CPU.ActiveCfg = Debug|Any CPU
		{E512F4D9-9375-480F-A2F6-A46509F9D824}.Debug|Any CPU.Build.0 = Debug|Any CPU
		{E512F4D9-9375-480F-A2F6-A46509F9D824}.Release|Any CPU.ActiveCfg = Release|Any CPU
		{E512F4D9-9375-480F-A2F6-A46509F9D824}.Release|Any CPU.Build.0 = Release|Any CPU
		{EF480016-9127-4916-8735-D2466BDBC582}.Debug|Any CPU.ActiveCfg = Debug|Any CPU
		{EF480016-9127-4916-8735-D2466BDBC582}.Debug|Any CPU.Build.0 = Debug|Any CPU
		{EF480016-9127-4916-8735-D2466BDBC582}.Release|Any CPU.ActiveCfg = Release|Any CPU
		{EF480016-9127-4916-8735-D2466BDBC582}.Release|Any CPU.Build.0 = Release|Any CPU
		{AA94D832-1CCC-4715-95A9-A483F23A1A5D}.Debug|Any CPU.ActiveCfg = Debug|Any CPU
		{AA94D832-1CCC-4715-95A9-A483F23A1A5D}.Debug|Any CPU.Build.0 = Debug|Any CPU
		{AA94D832-1CCC-4715-95A9-A483F23A1A5D}.Release|Any CPU.ActiveCfg = Release|Any CPU
		{AA94D832-1CCC-4715-95A9-A483F23A1A5D}.Release|Any CPU.Build.0 = Release|Any CPU
		{3E69D96A-F923-4AC4-8430-9AAB84B6A3FE}.Debug|Any CPU.ActiveCfg = Debug|Any CPU
		{3E69D96A-F923-4AC4-8430-9AAB84B6A3FE}.Debug|Any CPU.Build.0 = Debug|Any CPU
		{3E69D96A-F923-4AC4-8430-9AAB84B6A3FE}.Release|Any CPU.ActiveCfg = Release|Any CPU
		{3E69D96A-F923-4AC4-8430-9AAB84B6A3FE}.Release|Any CPU.Build.0 = Release|Any CPU
		{F475DD35-9F27-43FF-9D96-365661ADC3C6}.Debug|Any CPU.ActiveCfg = Debug|Any CPU
		{F475DD35-9F27-43FF-9D96-365661ADC3C6}.Debug|Any CPU.Build.0 = Debug|Any CPU
		{F475DD35-9F27-43FF-9D96-365661ADC3C6}.Release|Any CPU.ActiveCfg = Release|Any CPU
		{F475DD35-9F27-43FF-9D96-365661ADC3C6}.Release|Any CPU.Build.0 = Release|Any CPU
		{34B5BCF2-95C0-4136-AC9E-FC80D8ACBD1C}.Debug|Any CPU.ActiveCfg = Debug|Any CPU
		{34B5BCF2-95C0-4136-AC9E-FC80D8ACBD1C}.Debug|Any CPU.Build.0 = Debug|Any CPU
		{34B5BCF2-95C0-4136-AC9E-FC80D8ACBD1C}.Release|Any CPU.ActiveCfg = Release|Any CPU
		{34B5BCF2-95C0-4136-AC9E-FC80D8ACBD1C}.Release|Any CPU.Build.0 = Release|Any CPU
		{4ADEEE7D-7886-4F85-BAA2-CCEE6E30EBFD}.Debug|Any CPU.ActiveCfg = Debug|Any CPU
		{4ADEEE7D-7886-4F85-BAA2-CCEE6E30EBFD}.Debug|Any CPU.Build.0 = Debug|Any CPU
		{4ADEEE7D-7886-4F85-BAA2-CCEE6E30EBFD}.Release|Any CPU.ActiveCfg = Release|Any CPU
		{4ADEEE7D-7886-4F85-BAA2-CCEE6E30EBFD}.Release|Any CPU.Build.0 = Release|Any CPU
		{10DF0925-A1EE-4B1C-AAF6-249C6D02424C}.Debug|Any CPU.ActiveCfg = Debug|Any CPU
		{10DF0925-A1EE-4B1C-AAF6-249C6D02424C}.Debug|Any CPU.Build.0 = Debug|Any CPU
		{10DF0925-A1EE-4B1C-AAF6-249C6D02424C}.Release|Any CPU.ActiveCfg = Release|Any CPU
		{10DF0925-A1EE-4B1C-AAF6-249C6D02424C}.Release|Any CPU.Build.0 = Release|Any CPU
		{0880AA9C-0E45-43B3-B02A-093736CDD961}.Debug|Any CPU.ActiveCfg = Debug|Any CPU
		{0880AA9C-0E45-43B3-B02A-093736CDD961}.Debug|Any CPU.Build.0 = Debug|Any CPU
		{0880AA9C-0E45-43B3-B02A-093736CDD961}.Release|Any CPU.ActiveCfg = Release|Any CPU
		{0880AA9C-0E45-43B3-B02A-093736CDD961}.Release|Any CPU.Build.0 = Release|Any CPU
		{B3554E2E-7150-482F-A08F-DCB8BD166FED}.Debug|Any CPU.ActiveCfg = Debug|Any CPU
		{B3554E2E-7150-482F-A08F-DCB8BD166FED}.Debug|Any CPU.Build.0 = Debug|Any CPU
		{B3554E2E-7150-482F-A08F-DCB8BD166FED}.Release|Any CPU.ActiveCfg = Release|Any CPU
		{B3554E2E-7150-482F-A08F-DCB8BD166FED}.Release|Any CPU.Build.0 = Release|Any CPU
		{22A3A359-C6F4-4540-A61F-C8E94A73C95E}.Debug|Any CPU.ActiveCfg = Debug|Any CPU
		{22A3A359-C6F4-4540-A61F-C8E94A73C95E}.Debug|Any CPU.Build.0 = Debug|Any CPU
		{22A3A359-C6F4-4540-A61F-C8E94A73C95E}.Release|Any CPU.ActiveCfg = Release|Any CPU
		{22A3A359-C6F4-4540-A61F-C8E94A73C95E}.Release|Any CPU.Build.0 = Release|Any CPU
		{FCE5BD62-F7C7-45EA-80DE-B4880C4A84C6}.Debug|Any CPU.ActiveCfg = Debug|Any CPU
		{FCE5BD62-F7C7-45EA-80DE-B4880C4A84C6}.Debug|Any CPU.Build.0 = Debug|Any CPU
		{FCE5BD62-F7C7-45EA-80DE-B4880C4A84C6}.Release|Any CPU.ActiveCfg = Release|Any CPU
		{FCE5BD62-F7C7-45EA-80DE-B4880C4A84C6}.Release|Any CPU.Build.0 = Release|Any CPU
		{19A921F2-1587-4E94-A023-B81956874DAB}.Debug|Any CPU.ActiveCfg = Debug|Any CPU
		{19A921F2-1587-4E94-A023-B81956874DAB}.Debug|Any CPU.Build.0 = Debug|Any CPU
		{19A921F2-1587-4E94-A023-B81956874DAB}.Release|Any CPU.ActiveCfg = Release|Any CPU
		{19A921F2-1587-4E94-A023-B81956874DAB}.Release|Any CPU.Build.0 = Release|Any CPU
		{91A3257D-0D1A-479D-8F3C-DBB1944802FE}.Debug|Any CPU.ActiveCfg = Debug|Any CPU
		{91A3257D-0D1A-479D-8F3C-DBB1944802FE}.Debug|Any CPU.Build.0 = Debug|Any CPU
		{91A3257D-0D1A-479D-8F3C-DBB1944802FE}.Release|Any CPU.ActiveCfg = Release|Any CPU
		{91A3257D-0D1A-479D-8F3C-DBB1944802FE}.Release|Any CPU.Build.0 = Release|Any CPU
		{5E6550EA-D878-455C-8EF7-5382661C1D52}.Debug|Any CPU.ActiveCfg = Debug|Any CPU
		{5E6550EA-D878-455C-8EF7-5382661C1D52}.Debug|Any CPU.Build.0 = Debug|Any CPU
		{5E6550EA-D878-455C-8EF7-5382661C1D52}.Release|Any CPU.ActiveCfg = Release|Any CPU
		{5E6550EA-D878-455C-8EF7-5382661C1D52}.Release|Any CPU.Build.0 = Release|Any CPU
		{14CDCC5A-006A-41EC-8B48-F3EFAC842432}.Debug|Any CPU.ActiveCfg = Debug|Any CPU
		{14CDCC5A-006A-41EC-8B48-F3EFAC842432}.Debug|Any CPU.Build.0 = Debug|Any CPU
		{14CDCC5A-006A-41EC-8B48-F3EFAC842432}.Release|Any CPU.ActiveCfg = Release|Any CPU
		{14CDCC5A-006A-41EC-8B48-F3EFAC842432}.Release|Any CPU.Build.0 = Release|Any CPU
		{11C6A285-8BC0-44C9-9FAB-F93462C75ABC}.Debug|Any CPU.ActiveCfg = Debug|Any CPU
		{11C6A285-8BC0-44C9-9FAB-F93462C75ABC}.Debug|Any CPU.Build.0 = Debug|Any CPU
		{11C6A285-8BC0-44C9-9FAB-F93462C75ABC}.Release|Any CPU.ActiveCfg = Release|Any CPU
		{11C6A285-8BC0-44C9-9FAB-F93462C75ABC}.Release|Any CPU.Build.0 = Release|Any CPU
		{C7EB7304-CADD-4F09-84AC-43123406B28F}.Debug|Any CPU.ActiveCfg = Debug|Any CPU
		{C7EB7304-CADD-4F09-84AC-43123406B28F}.Debug|Any CPU.Build.0 = Debug|Any CPU
		{C7EB7304-CADD-4F09-84AC-43123406B28F}.Release|Any CPU.ActiveCfg = Release|Any CPU
		{C7EB7304-CADD-4F09-84AC-43123406B28F}.Release|Any CPU.Build.0 = Release|Any CPU
		{DE15C716-E1C3-4FC3-B976-7EA06EBF23F5}.Debug|Any CPU.ActiveCfg = Debug|Any CPU
		{DE15C716-E1C3-4FC3-B976-7EA06EBF23F5}.Debug|Any CPU.Build.0 = Debug|Any CPU
		{DE15C716-E1C3-4FC3-B976-7EA06EBF23F5}.Release|Any CPU.ActiveCfg = Release|Any CPU
		{DE15C716-E1C3-4FC3-B976-7EA06EBF23F5}.Release|Any CPU.Build.0 = Release|Any CPU
		{430D3AF9-DCCF-4B6F-BFAF-1ECC2F0594A2}.Debug|Any CPU.ActiveCfg = Debug|Any CPU
		{430D3AF9-DCCF-4B6F-BFAF-1ECC2F0594A2}.Debug|Any CPU.Build.0 = Debug|Any CPU
		{430D3AF9-DCCF-4B6F-BFAF-1ECC2F0594A2}.Release|Any CPU.ActiveCfg = Release|Any CPU
		{430D3AF9-DCCF-4B6F-BFAF-1ECC2F0594A2}.Release|Any CPU.Build.0 = Release|Any CPU
		{CC104C76-0CC6-453E-A49D-C4995B6EB72B}.Debug|Any CPU.ActiveCfg = Debug|Any CPU
		{CC104C76-0CC6-453E-A49D-C4995B6EB72B}.Debug|Any CPU.Build.0 = Debug|Any CPU
		{CC104C76-0CC6-453E-A49D-C4995B6EB72B}.Release|Any CPU.ActiveCfg = Release|Any CPU
		{CC104C76-0CC6-453E-A49D-C4995B6EB72B}.Release|Any CPU.Build.0 = Release|Any CPU
		{13AF64F3-8962-4568-A0E1-833CCA1922D5}.Debug|Any CPU.ActiveCfg = Debug|Any CPU
		{13AF64F3-8962-4568-A0E1-833CCA1922D5}.Debug|Any CPU.Build.0 = Debug|Any CPU
		{13AF64F3-8962-4568-A0E1-833CCA1922D5}.Release|Any CPU.ActiveCfg = Release|Any CPU
		{13AF64F3-8962-4568-A0E1-833CCA1922D5}.Release|Any CPU.Build.0 = Release|Any CPU
		{F9FADD90-8634-4B03-AC44-9F6C80B30E73}.Debug|Any CPU.ActiveCfg = Debug|Any CPU
		{F9FADD90-8634-4B03-AC44-9F6C80B30E73}.Debug|Any CPU.Build.0 = Debug|Any CPU
		{F9FADD90-8634-4B03-AC44-9F6C80B30E73}.Release|Any CPU.ActiveCfg = Release|Any CPU
		{F9FADD90-8634-4B03-AC44-9F6C80B30E73}.Release|Any CPU.Build.0 = Release|Any CPU
		{8BC28722-20CC-41BD-B183-4E33E94CA2A7}.Debug|Any CPU.ActiveCfg = Debug|Any CPU
		{8BC28722-20CC-41BD-B183-4E33E94CA2A7}.Debug|Any CPU.Build.0 = Debug|Any CPU
		{8BC28722-20CC-41BD-B183-4E33E94CA2A7}.Release|Any CPU.ActiveCfg = Release|Any CPU
		{8BC28722-20CC-41BD-B183-4E33E94CA2A7}.Release|Any CPU.Build.0 = Release|Any CPU
		{6A398750-D7D8-43DC-8DF8-AA65C5766154}.Debug|Any CPU.ActiveCfg = Debug|Any CPU
		{6A398750-D7D8-43DC-8DF8-AA65C5766154}.Debug|Any CPU.Build.0 = Debug|Any CPU
		{6A398750-D7D8-43DC-8DF8-AA65C5766154}.Release|Any CPU.ActiveCfg = Release|Any CPU
		{6A398750-D7D8-43DC-8DF8-AA65C5766154}.Release|Any CPU.Build.0 = Release|Any CPU
		{8D196E3D-6F95-4793-B948-79669AF09017}.Debug|Any CPU.ActiveCfg = Debug|Any CPU
		{8D196E3D-6F95-4793-B948-79669AF09017}.Debug|Any CPU.Build.0 = Debug|Any CPU
		{8D196E3D-6F95-4793-B948-79669AF09017}.Release|Any CPU.ActiveCfg = Release|Any CPU
		{8D196E3D-6F95-4793-B948-79669AF09017}.Release|Any CPU.Build.0 = Release|Any CPU
		{FB20372D-6C96-4733-9AAC-12522F15CAA6}.Debug|Any CPU.ActiveCfg = Debug|Any CPU
		{FB20372D-6C96-4733-9AAC-12522F15CAA6}.Debug|Any CPU.Build.0 = Debug|Any CPU
		{FB20372D-6C96-4733-9AAC-12522F15CAA6}.Release|Any CPU.ActiveCfg = Release|Any CPU
		{FB20372D-6C96-4733-9AAC-12522F15CAA6}.Release|Any CPU.Build.0 = Release|Any CPU
		{A091AE9B-3A1E-49AC-9AD5-D29310512A3D}.Debug|Any CPU.ActiveCfg = Debug|Any CPU
		{A091AE9B-3A1E-49AC-9AD5-D29310512A3D}.Debug|Any CPU.Build.0 = Debug|Any CPU
		{A091AE9B-3A1E-49AC-9AD5-D29310512A3D}.Release|Any CPU.ActiveCfg = Release|Any CPU
		{A091AE9B-3A1E-49AC-9AD5-D29310512A3D}.Release|Any CPU.Build.0 = Release|Any CPU
		{C018EFF9-579E-43B3-9181-543BE95E2E03}.Debug|Any CPU.ActiveCfg = Debug|Any CPU
		{C018EFF9-579E-43B3-9181-543BE95E2E03}.Debug|Any CPU.Build.0 = Debug|Any CPU
		{C018EFF9-579E-43B3-9181-543BE95E2E03}.Release|Any CPU.ActiveCfg = Release|Any CPU
		{C018EFF9-579E-43B3-9181-543BE95E2E03}.Release|Any CPU.Build.0 = Release|Any CPU
		{D9108313-8D05-4F5F-9AA0-B443EC3374B6}.Debug|Any CPU.ActiveCfg = Debug|Any CPU
		{D9108313-8D05-4F5F-9AA0-B443EC3374B6}.Debug|Any CPU.Build.0 = Debug|Any CPU
		{D9108313-8D05-4F5F-9AA0-B443EC3374B6}.Release|Any CPU.ActiveCfg = Release|Any CPU
		{D9108313-8D05-4F5F-9AA0-B443EC3374B6}.Release|Any CPU.Build.0 = Release|Any CPU
		{4C65690E-2C17-46A1-BB35-A51BAB2EA3B7}.Debug|Any CPU.ActiveCfg = Debug|Any CPU
		{4C65690E-2C17-46A1-BB35-A51BAB2EA3B7}.Debug|Any CPU.Build.0 = Debug|Any CPU
		{4C65690E-2C17-46A1-BB35-A51BAB2EA3B7}.Release|Any CPU.ActiveCfg = Release|Any CPU
		{4C65690E-2C17-46A1-BB35-A51BAB2EA3B7}.Release|Any CPU.Build.0 = Release|Any CPU
		{3C3FF821-E43D-4D58-8B3C-1E97F4518EF7}.Debug|Any CPU.ActiveCfg = Debug|Any CPU
		{3C3FF821-E43D-4D58-8B3C-1E97F4518EF7}.Debug|Any CPU.Build.0 = Debug|Any CPU
		{3C3FF821-E43D-4D58-8B3C-1E97F4518EF7}.Release|Any CPU.ActiveCfg = Release|Any CPU
		{3C3FF821-E43D-4D58-8B3C-1E97F4518EF7}.Release|Any CPU.Build.0 = Release|Any CPU
		{866B0894-2B50-484E-BE7E-F221956557F3}.Debug|Any CPU.ActiveCfg = Debug|Any CPU
		{866B0894-2B50-484E-BE7E-F221956557F3}.Debug|Any CPU.Build.0 = Debug|Any CPU
		{866B0894-2B50-484E-BE7E-F221956557F3}.Release|Any CPU.ActiveCfg = Release|Any CPU
		{866B0894-2B50-484E-BE7E-F221956557F3}.Release|Any CPU.Build.0 = Release|Any CPU
		{E7B2B79A-09D3-4B7D-83A1-F6DE57E8584B}.Debug|Any CPU.ActiveCfg = Debug|Any CPU
		{E7B2B79A-09D3-4B7D-83A1-F6DE57E8584B}.Debug|Any CPU.Build.0 = Debug|Any CPU
		{E7B2B79A-09D3-4B7D-83A1-F6DE57E8584B}.Release|Any CPU.ActiveCfg = Release|Any CPU
		{E7B2B79A-09D3-4B7D-83A1-F6DE57E8584B}.Release|Any CPU.Build.0 = Release|Any CPU
		{3B5E4384-9E08-46A6-B526-DF198823D7C8}.Debug|Any CPU.ActiveCfg = Debug|Any CPU
		{3B5E4384-9E08-46A6-B526-DF198823D7C8}.Debug|Any CPU.Build.0 = Debug|Any CPU
		{3B5E4384-9E08-46A6-B526-DF198823D7C8}.Release|Any CPU.ActiveCfg = Release|Any CPU
		{3B5E4384-9E08-46A6-B526-DF198823D7C8}.Release|Any CPU.Build.0 = Release|Any CPU
		{23BCC55E-3D30-4E4E-8489-15A5894EE480}.Debug|Any CPU.ActiveCfg = Debug|Any CPU
		{23BCC55E-3D30-4E4E-8489-15A5894EE480}.Debug|Any CPU.Build.0 = Debug|Any CPU
		{23BCC55E-3D30-4E4E-8489-15A5894EE480}.Release|Any CPU.ActiveCfg = Release|Any CPU
		{23BCC55E-3D30-4E4E-8489-15A5894EE480}.Release|Any CPU.Build.0 = Release|Any CPU
		{81B29ECF-F004-4DC6-9126-2E45B02C2DFE}.Debug|Any CPU.ActiveCfg = Debug|Any CPU
		{81B29ECF-F004-4DC6-9126-2E45B02C2DFE}.Debug|Any CPU.Build.0 = Debug|Any CPU
		{81B29ECF-F004-4DC6-9126-2E45B02C2DFE}.Release|Any CPU.ActiveCfg = Release|Any CPU
		{81B29ECF-F004-4DC6-9126-2E45B02C2DFE}.Release|Any CPU.Build.0 = Release|Any CPU
		{65270240-0157-423A-9115-EAE2992E2FE7}.Debug|Any CPU.ActiveCfg = Debug|Any CPU
		{65270240-0157-423A-9115-EAE2992E2FE7}.Debug|Any CPU.Build.0 = Debug|Any CPU
		{65270240-0157-423A-9115-EAE2992E2FE7}.Release|Any CPU.ActiveCfg = Release|Any CPU
		{65270240-0157-423A-9115-EAE2992E2FE7}.Release|Any CPU.Build.0 = Release|Any CPU
		{72C8D8FA-9B61-415F-8FAF-08BC7BD13E9C}.Debug|Any CPU.ActiveCfg = Debug|Any CPU
		{72C8D8FA-9B61-415F-8FAF-08BC7BD13E9C}.Debug|Any CPU.Build.0 = Debug|Any CPU
		{72C8D8FA-9B61-415F-8FAF-08BC7BD13E9C}.Release|Any CPU.ActiveCfg = Release|Any CPU
		{72C8D8FA-9B61-415F-8FAF-08BC7BD13E9C}.Release|Any CPU.Build.0 = Release|Any CPU
		{E6D3F0F8-0683-4A00-8459-C9C4C65D825D}.Debug|Any CPU.ActiveCfg = Debug|Any CPU
		{E6D3F0F8-0683-4A00-8459-C9C4C65D825D}.Debug|Any CPU.Build.0 = Debug|Any CPU
		{E6D3F0F8-0683-4A00-8459-C9C4C65D825D}.Release|Any CPU.ActiveCfg = Release|Any CPU
		{E6D3F0F8-0683-4A00-8459-C9C4C65D825D}.Release|Any CPU.Build.0 = Release|Any CPU
		{C912E1E7-4F8F-4ADB-BB27-D40B1903FED0}.Debug|Any CPU.ActiveCfg = Debug|Any CPU
		{C912E1E7-4F8F-4ADB-BB27-D40B1903FED0}.Debug|Any CPU.Build.0 = Debug|Any CPU
		{C912E1E7-4F8F-4ADB-BB27-D40B1903FED0}.Release|Any CPU.ActiveCfg = Release|Any CPU
		{C912E1E7-4F8F-4ADB-BB27-D40B1903FED0}.Release|Any CPU.Build.0 = Release|Any CPU
		{80E12564-E2B3-4307-B40E-20E24BF02916}.Debug|Any CPU.ActiveCfg = Debug|Any CPU
		{80E12564-E2B3-4307-B40E-20E24BF02916}.Debug|Any CPU.Build.0 = Debug|Any CPU
		{80E12564-E2B3-4307-B40E-20E24BF02916}.Release|Any CPU.ActiveCfg = Release|Any CPU
		{80E12564-E2B3-4307-B40E-20E24BF02916}.Release|Any CPU.Build.0 = Release|Any CPU
		{78589964-923E-4803-9B74-183487C3ED0F}.Debug|Any CPU.ActiveCfg = Debug|Any CPU
		{78589964-923E-4803-9B74-183487C3ED0F}.Debug|Any CPU.Build.0 = Debug|Any CPU
		{78589964-923E-4803-9B74-183487C3ED0F}.Release|Any CPU.ActiveCfg = Release|Any CPU
		{78589964-923E-4803-9B74-183487C3ED0F}.Release|Any CPU.Build.0 = Release|Any CPU
		{831CD22A-AC6E-4515-AB24-8C96B34C717F}.Debug|Any CPU.ActiveCfg = Debug|Any CPU
		{831CD22A-AC6E-4515-AB24-8C96B34C717F}.Debug|Any CPU.Build.0 = Debug|Any CPU
		{831CD22A-AC6E-4515-AB24-8C96B34C717F}.Release|Any CPU.ActiveCfg = Release|Any CPU
		{831CD22A-AC6E-4515-AB24-8C96B34C717F}.Release|Any CPU.Build.0 = Release|Any CPU
		{27C7A0E6-4C2E-4AFF-9DE7-1F526DDC0D18}.Debug|Any CPU.ActiveCfg = Debug|Any CPU
		{27C7A0E6-4C2E-4AFF-9DE7-1F526DDC0D18}.Debug|Any CPU.Build.0 = Debug|Any CPU
		{27C7A0E6-4C2E-4AFF-9DE7-1F526DDC0D18}.Release|Any CPU.ActiveCfg = Release|Any CPU
		{27C7A0E6-4C2E-4AFF-9DE7-1F526DDC0D18}.Release|Any CPU.Build.0 = Release|Any CPU
		{7971DF5A-B001-4751-8F40-D7752C612BF1}.Debug|Any CPU.ActiveCfg = Debug|Any CPU
		{7971DF5A-B001-4751-8F40-D7752C612BF1}.Debug|Any CPU.Build.0 = Debug|Any CPU
		{7971DF5A-B001-4751-8F40-D7752C612BF1}.Release|Any CPU.ActiveCfg = Release|Any CPU
		{7971DF5A-B001-4751-8F40-D7752C612BF1}.Release|Any CPU.Build.0 = Release|Any CPU
		{FA5E029F-1826-4C1E-8AED-6FA5C3362A3A}.Debug|Any CPU.ActiveCfg = Debug|Any CPU
		{FA5E029F-1826-4C1E-8AED-6FA5C3362A3A}.Debug|Any CPU.Build.0 = Debug|Any CPU
		{FA5E029F-1826-4C1E-8AED-6FA5C3362A3A}.Release|Any CPU.ActiveCfg = Release|Any CPU
		{FA5E029F-1826-4C1E-8AED-6FA5C3362A3A}.Release|Any CPU.Build.0 = Release|Any CPU
		{97EE641B-69AB-40A6-B20B-4A7FD3B2681E}.Debug|Any CPU.ActiveCfg = Debug|Any CPU
		{97EE641B-69AB-40A6-B20B-4A7FD3B2681E}.Debug|Any CPU.Build.0 = Debug|Any CPU
		{97EE641B-69AB-40A6-B20B-4A7FD3B2681E}.Release|Any CPU.ActiveCfg = Release|Any CPU
		{97EE641B-69AB-40A6-B20B-4A7FD3B2681E}.Release|Any CPU.Build.0 = Release|Any CPU
		{0EE57014-A75A-4E54-97B6-785C2F874EA4}.Debug|Any CPU.ActiveCfg = Debug|Any CPU
		{0EE57014-A75A-4E54-97B6-785C2F874EA4}.Debug|Any CPU.Build.0 = Debug|Any CPU
		{0EE57014-A75A-4E54-97B6-785C2F874EA4}.Release|Any CPU.ActiveCfg = Release|Any CPU
		{0EE57014-A75A-4E54-97B6-785C2F874EA4}.Release|Any CPU.Build.0 = Release|Any CPU
		{4F5841EB-A0C9-4E89-AA02-376F2190F68D}.Debug|Any CPU.ActiveCfg = Debug|Any CPU
		{4F5841EB-A0C9-4E89-AA02-376F2190F68D}.Debug|Any CPU.Build.0 = Debug|Any CPU
		{4F5841EB-A0C9-4E89-AA02-376F2190F68D}.Release|Any CPU.ActiveCfg = Release|Any CPU
		{4F5841EB-A0C9-4E89-AA02-376F2190F68D}.Release|Any CPU.Build.0 = Release|Any CPU
		{C4E1B96F-7905-48ED-AD72-98F5983E65A5}.Debug|Any CPU.ActiveCfg = Debug|Any CPU
		{C4E1B96F-7905-48ED-AD72-98F5983E65A5}.Debug|Any CPU.Build.0 = Debug|Any CPU
		{C4E1B96F-7905-48ED-AD72-98F5983E65A5}.Release|Any CPU.ActiveCfg = Release|Any CPU
		{C4E1B96F-7905-48ED-AD72-98F5983E65A5}.Release|Any CPU.Build.0 = Release|Any CPU
		{95385FBA-53E4-4144-B6FE-B5561081B9F9}.Debug|Any CPU.ActiveCfg = Debug|Any CPU
		{95385FBA-53E4-4144-B6FE-B5561081B9F9}.Debug|Any CPU.Build.0 = Debug|Any CPU
		{95385FBA-53E4-4144-B6FE-B5561081B9F9}.Release|Any CPU.ActiveCfg = Release|Any CPU
		{95385FBA-53E4-4144-B6FE-B5561081B9F9}.Release|Any CPU.Build.0 = Release|Any CPU
		{4D808FF7-C204-40F1-881D-21B27D8D290E}.Debug|Any CPU.ActiveCfg = Debug|Any CPU
		{4D808FF7-C204-40F1-881D-21B27D8D290E}.Debug|Any CPU.Build.0 = Debug|Any CPU
		{4D808FF7-C204-40F1-881D-21B27D8D290E}.Release|Any CPU.ActiveCfg = Release|Any CPU
		{4D808FF7-C204-40F1-881D-21B27D8D290E}.Release|Any CPU.Build.0 = Release|Any CPU
		{354E0590-F6B2-43F5-A563-F543C498F3EA}.Debug|Any CPU.ActiveCfg = Debug|Any CPU
		{354E0590-F6B2-43F5-A563-F543C498F3EA}.Debug|Any CPU.Build.0 = Debug|Any CPU
		{354E0590-F6B2-43F5-A563-F543C498F3EA}.Release|Any CPU.ActiveCfg = Release|Any CPU
		{354E0590-F6B2-43F5-A563-F543C498F3EA}.Release|Any CPU.Build.0 = Release|Any CPU
		{47F2E236-E6BE-4F52-8389-5CF03BDC9B78}.Debug|Any CPU.ActiveCfg = Debug|Any CPU
		{47F2E236-E6BE-4F52-8389-5CF03BDC9B78}.Debug|Any CPU.Build.0 = Debug|Any CPU
		{47F2E236-E6BE-4F52-8389-5CF03BDC9B78}.Release|Any CPU.ActiveCfg = Release|Any CPU
		{47F2E236-E6BE-4F52-8389-5CF03BDC9B78}.Release|Any CPU.Build.0 = Release|Any CPU
		{1368FE7F-E1A7-4FD5-AF05-CFA59C0E0E69}.Debug|Any CPU.ActiveCfg = Debug|Any CPU
		{1368FE7F-E1A7-4FD5-AF05-CFA59C0E0E69}.Debug|Any CPU.Build.0 = Debug|Any CPU
		{1368FE7F-E1A7-4FD5-AF05-CFA59C0E0E69}.Release|Any CPU.ActiveCfg = Release|Any CPU
		{1368FE7F-E1A7-4FD5-AF05-CFA59C0E0E69}.Release|Any CPU.Build.0 = Release|Any CPU
		{9ECCC0EC-CC5A-4E49-96BE-3F2B15CCD94D}.Debug|Any CPU.ActiveCfg = Debug|Any CPU
		{9ECCC0EC-CC5A-4E49-96BE-3F2B15CCD94D}.Debug|Any CPU.Build.0 = Debug|Any CPU
		{9ECCC0EC-CC5A-4E49-96BE-3F2B15CCD94D}.Release|Any CPU.ActiveCfg = Release|Any CPU
		{9ECCC0EC-CC5A-4E49-96BE-3F2B15CCD94D}.Release|Any CPU.Build.0 = Release|Any CPU
		{2BACB63E-2830-4371-AEBB-E8089E3EB316}.Debug|Any CPU.ActiveCfg = Debug|Any CPU
		{2BACB63E-2830-4371-AEBB-E8089E3EB316}.Debug|Any CPU.Build.0 = Debug|Any CPU
		{2BACB63E-2830-4371-AEBB-E8089E3EB316}.Release|Any CPU.ActiveCfg = Release|Any CPU
		{2BACB63E-2830-4371-AEBB-E8089E3EB316}.Release|Any CPU.Build.0 = Release|Any CPU
		{19A28EF9-A5AE-4EC5-851C-D2547E5FE29C}.Debug|Any CPU.ActiveCfg = Debug|Any CPU
		{19A28EF9-A5AE-4EC5-851C-D2547E5FE29C}.Debug|Any CPU.Build.0 = Debug|Any CPU
		{19A28EF9-A5AE-4EC5-851C-D2547E5FE29C}.Release|Any CPU.ActiveCfg = Release|Any CPU
		{19A28EF9-A5AE-4EC5-851C-D2547E5FE29C}.Release|Any CPU.Build.0 = Release|Any CPU
		{26765303-B9D8-457B-915C-ED869CEEB210}.Debug|Any CPU.ActiveCfg = Debug|Any CPU
		{26765303-B9D8-457B-915C-ED869CEEB210}.Debug|Any CPU.Build.0 = Debug|Any CPU
		{26765303-B9D8-457B-915C-ED869CEEB210}.Release|Any CPU.ActiveCfg = Release|Any CPU
		{26765303-B9D8-457B-915C-ED869CEEB210}.Release|Any CPU.Build.0 = Release|Any CPU
	EndGlobalSection
	GlobalSection(SolutionProperties) = preSolution
		HideSolutionNode = FALSE
	EndGlobalSection
	GlobalSection(NestedProjects) = preSolution
		{554AD327-6DBA-4F8F-96F8-81CE7A0C863F} = {CA9AC87F-097E-4F15-8393-4BC07735A5B0}
		{1A94A50E-06DC-43C1-80B5-B662820EC3EB} = {CA9AC87F-097E-4F15-8393-4BC07735A5B0}
		{C956DD76-69C8-4A9C-83EA-D17DF83340FD} = {CA9AC87F-097E-4F15-8393-4BC07735A5B0}
		{CA9AC87F-097E-4F15-8393-4BC07735A5B0} = {2C861ADD-76E9-4B3B-8A3C-638EBB67D683}
		{04DBDB01-70F4-4E06-B468-8F87850B22BE} = {2C861ADD-76E9-4B3B-8A3C-638EBB67D683}
		{50B2631D-129C-47B3-A587-029CCD6099BC} = {04DBDB01-70F4-4E06-B468-8F87850B22BE}
		{42F719ED-8413-4895-B5B4-5AB56079BC66} = {CA9AC87F-097E-4F15-8393-4BC07735A5B0}
		{520659C8-C734-4298-A3DA-B539DB9DFC0B} = {CA9AC87F-097E-4F15-8393-4BC07735A5B0}
		{4164BDF7-F527-4E85-9CE6-E3C2D7426A27} = {CA9AC87F-097E-4F15-8393-4BC07735A5B0}
		{3B5A0094-670D-4BB1-BFDD-61B88A8773DC} = {CA9AC87F-097E-4F15-8393-4BC07735A5B0}
		{1FE30EB9-74A9-47F5-A9F6-7B1FAB672D81} = {04DBDB01-70F4-4E06-B468-8F87850B22BE}
		{91853F21-9CD9-4132-BC29-A7D5D84FFFE7} = {04DBDB01-70F4-4E06-B468-8F87850B22BE}
		{E512F4D9-9375-480F-A2F6-A46509F9D824} = {04DBDB01-70F4-4E06-B468-8F87850B22BE}
		{EF480016-9127-4916-8735-D2466BDBC582} = {04DBDB01-70F4-4E06-B468-8F87850B22BE}
		{AA94D832-1CCC-4715-95A9-A483F23A1A5D} = {CA9AC87F-097E-4F15-8393-4BC07735A5B0}
		{9F5676A3-00DC-48B7-93D1-341C39E19BB9} = {CC2EBB07-A070-4158-AB37-A0C0BBAEA9F5}
		{C4AC9352-C9F5-4096-8D73-13638232CFB9} = {9F5676A3-00DC-48B7-93D1-341C39E19BB9}
		{EB2B8705-18E7-49E1-A565-93A6DE5570D5} = {F8A8EB2A-2D4B-464F-9A13-F8F7B6A8FAA3}
		{E28AECBD-2904-477C-9817-C67312330A41} = {EB2B8705-18E7-49E1-A565-93A6DE5570D5}
		{120FE15B-3E5C-4BFF-B874-F09235C9E1ED} = {EB2B8705-18E7-49E1-A565-93A6DE5570D5}
		{3E69D96A-F923-4AC4-8430-9AAB84B6A3FE} = {E28AECBD-2904-477C-9817-C67312330A41}
		{F475DD35-9F27-43FF-9D96-365661ADC3C6} = {E28AECBD-2904-477C-9817-C67312330A41}
		{34B5BCF2-95C0-4136-AC9E-FC80D8ACBD1C} = {E28AECBD-2904-477C-9817-C67312330A41}
		{4ADEEE7D-7886-4F85-BAA2-CCEE6E30EBFD} = {E28AECBD-2904-477C-9817-C67312330A41}
		{10DF0925-A1EE-4B1C-AAF6-249C6D02424C} = {E28AECBD-2904-477C-9817-C67312330A41}
		{0880AA9C-0E45-43B3-B02A-093736CDD961} = {E28AECBD-2904-477C-9817-C67312330A41}
		{B3554E2E-7150-482F-A08F-DCB8BD166FED} = {E28AECBD-2904-477C-9817-C67312330A41}
		{22A3A359-C6F4-4540-A61F-C8E94A73C95E} = {120FE15B-3E5C-4BFF-B874-F09235C9E1ED}
		{FCE5BD62-F7C7-45EA-80DE-B4880C4A84C6} = {120FE15B-3E5C-4BFF-B874-F09235C9E1ED}
		{19A921F2-1587-4E94-A023-B81956874DAB} = {120FE15B-3E5C-4BFF-B874-F09235C9E1ED}
		{91A3257D-0D1A-479D-8F3C-DBB1944802FE} = {120FE15B-3E5C-4BFF-B874-F09235C9E1ED}
		{9C53260A-6F4B-4106-98B0-EDCC10BB3E1A} = {F8A8EB2A-2D4B-464F-9A13-F8F7B6A8FAA3}
		{D1CFD035-1562-42CF-A96A-0E2EA8D92E80} = {9C53260A-6F4B-4106-98B0-EDCC10BB3E1A}
		{E76E35FC-B62E-48D5-A7AF-79375CFD20BD} = {9C53260A-6F4B-4106-98B0-EDCC10BB3E1A}
		{5E6550EA-D878-455C-8EF7-5382661C1D52} = {D1CFD035-1562-42CF-A96A-0E2EA8D92E80}
		{14CDCC5A-006A-41EC-8B48-F3EFAC842432} = {D1CFD035-1562-42CF-A96A-0E2EA8D92E80}
		{11C6A285-8BC0-44C9-9FAB-F93462C75ABC} = {D1CFD035-1562-42CF-A96A-0E2EA8D92E80}
		{C7EB7304-CADD-4F09-84AC-43123406B28F} = {D1CFD035-1562-42CF-A96A-0E2EA8D92E80}
		{DE15C716-E1C3-4FC3-B976-7EA06EBF23F5} = {D1CFD035-1562-42CF-A96A-0E2EA8D92E80}
		{430D3AF9-DCCF-4B6F-BFAF-1ECC2F0594A2} = {D1CFD035-1562-42CF-A96A-0E2EA8D92E80}
		{CC104C76-0CC6-453E-A49D-C4995B6EB72B} = {D1CFD035-1562-42CF-A96A-0E2EA8D92E80}
		{13AF64F3-8962-4568-A0E1-833CCA1922D5} = {E76E35FC-B62E-48D5-A7AF-79375CFD20BD}
		{F9FADD90-8634-4B03-AC44-9F6C80B30E73} = {E76E35FC-B62E-48D5-A7AF-79375CFD20BD}
		{8BC28722-20CC-41BD-B183-4E33E94CA2A7} = {E76E35FC-B62E-48D5-A7AF-79375CFD20BD}
		{6A398750-D7D8-43DC-8DF8-AA65C5766154} = {E76E35FC-B62E-48D5-A7AF-79375CFD20BD}
		{5AACD0EE-F2B2-49F6-868F-8FE08D7243C0} = {9C53260A-6F4B-4106-98B0-EDCC10BB3E1A}
		{8D196E3D-6F95-4793-B948-79669AF09017} = {5AACD0EE-F2B2-49F6-868F-8FE08D7243C0}
		{8C1B8C6C-C518-4290-B070-622CCA6004DA} = {2C861ADD-76E9-4B3B-8A3C-638EBB67D683}
		{2C09EED0-5AF6-4F1E-B05A-FB3272EDF6E8} = {CC2EBB07-A070-4158-AB37-A0C0BBAEA9F5}
		{11ED8435-B5AE-4BF3-9D4B-51FA1E4A18A6} = {2C09EED0-5AF6-4F1E-B05A-FB3272EDF6E8}
		{FB20372D-6C96-4733-9AAC-12522F15CAA6} = {8C1B8C6C-C518-4290-B070-622CCA6004DA}
		{A091AE9B-3A1E-49AC-9AD5-D29310512A3D} = {6434E3F2-B352-4B30-839A-88C2BA166D96}
		{C018EFF9-579E-43B3-9181-543BE95E2E03} = {6434E3F2-B352-4B30-839A-88C2BA166D96}
		{D9108313-8D05-4F5F-9AA0-B443EC3374B6} = {5C304CBC-F30D-413C-A0AF-8B6814A2D4A3}
		{4C65690E-2C17-46A1-BB35-A51BAB2EA3B7} = {C4AC9352-C9F5-4096-8D73-13638232CFB9}
		{3C3FF821-E43D-4D58-8B3C-1E97F4518EF7} = {11ED8435-B5AE-4BF3-9D4B-51FA1E4A18A6}
		{F604F9BE-CAAB-4D94-8989-22DE4D966C7A} = {F8A8EB2A-2D4B-464F-9A13-F8F7B6A8FAA3}
		{C188A1F4-9601-42E5-9A0A-B282E13EAC41} = {F604F9BE-CAAB-4D94-8989-22DE4D966C7A}
		{2CC8E555-AA80-4D7A-B606-0821E6754187} = {F604F9BE-CAAB-4D94-8989-22DE4D966C7A}
		{40BF21CB-4520-45A6-A588-5FFB95BAC87C} = {F604F9BE-CAAB-4D94-8989-22DE4D966C7A}
		{866B0894-2B50-484E-BE7E-F221956557F3} = {2CC8E555-AA80-4D7A-B606-0821E6754187}
		{E7B2B79A-09D3-4B7D-83A1-F6DE57E8584B} = {2CC8E555-AA80-4D7A-B606-0821E6754187}
		{3B5E4384-9E08-46A6-B526-DF198823D7C8} = {2CC8E555-AA80-4D7A-B606-0821E6754187}
		{23BCC55E-3D30-4E4E-8489-15A5894EE480} = {2CC8E555-AA80-4D7A-B606-0821E6754187}
		{81B29ECF-F004-4DC6-9126-2E45B02C2DFE} = {2CC8E555-AA80-4D7A-B606-0821E6754187}
		{65270240-0157-423A-9115-EAE2992E2FE7} = {2CC8E555-AA80-4D7A-B606-0821E6754187}
		{72C8D8FA-9B61-415F-8FAF-08BC7BD13E9C} = {2CC8E555-AA80-4D7A-B606-0821E6754187}
		{E6D3F0F8-0683-4A00-8459-C9C4C65D825D} = {40BF21CB-4520-45A6-A588-5FFB95BAC87C}
		{C912E1E7-4F8F-4ADB-BB27-D40B1903FED0} = {40BF21CB-4520-45A6-A588-5FFB95BAC87C}
		{80E12564-E2B3-4307-B40E-20E24BF02916} = {40BF21CB-4520-45A6-A588-5FFB95BAC87C}
		{78589964-923E-4803-9B74-183487C3ED0F} = {40BF21CB-4520-45A6-A588-5FFB95BAC87C}
		{831CD22A-AC6E-4515-AB24-8C96B34C717F} = {C188A1F4-9601-42E5-9A0A-B282E13EAC41}
		{27C7A0E6-4C2E-4AFF-9DE7-1F526DDC0D18} = {CA9AC87F-097E-4F15-8393-4BC07735A5B0}
		{7971DF5A-B001-4751-8F40-D7752C612BF1} = {04DBDB01-70F4-4E06-B468-8F87850B22BE}
		{7FF93622-971D-4B30-A5FC-72D729D26E29} = {EB2B8705-18E7-49E1-A565-93A6DE5570D5}
		{FA5E029F-1826-4C1E-8AED-6FA5C3362A3A} = {7FF93622-971D-4B30-A5FC-72D729D26E29}
		{C2FE6BA0-3DE5-403F-A91F-BCB9ADA5B068} = {F8A8EB2A-2D4B-464F-9A13-F8F7B6A8FAA3}
		{4E6D558B-CA6D-4133-8701-FDC6F245DA37} = {C2FE6BA0-3DE5-403F-A91F-BCB9ADA5B068}
		{AF419621-2F14-45CE-AF1B-B688E1B21BCB} = {C2FE6BA0-3DE5-403F-A91F-BCB9ADA5B068}
		{6464122A-1DC2-45E8-B599-4B5C32FBC85B} = {C2FE6BA0-3DE5-403F-A91F-BCB9ADA5B068}
		{97EE641B-69AB-40A6-B20B-4A7FD3B2681E} = {AF419621-2F14-45CE-AF1B-B688E1B21BCB}
		{0EE57014-A75A-4E54-97B6-785C2F874EA4} = {AF419621-2F14-45CE-AF1B-B688E1B21BCB}
		{4F5841EB-A0C9-4E89-AA02-376F2190F68D} = {AF419621-2F14-45CE-AF1B-B688E1B21BCB}
		{C4E1B96F-7905-48ED-AD72-98F5983E65A5} = {AF419621-2F14-45CE-AF1B-B688E1B21BCB}
		{95385FBA-53E4-4144-B6FE-B5561081B9F9} = {AF419621-2F14-45CE-AF1B-B688E1B21BCB}
		{4D808FF7-C204-40F1-881D-21B27D8D290E} = {AF419621-2F14-45CE-AF1B-B688E1B21BCB}
		{354E0590-F6B2-43F5-A563-F543C498F3EA} = {AF419621-2F14-45CE-AF1B-B688E1B21BCB}
		{47F2E236-E6BE-4F52-8389-5CF03BDC9B78} = {6464122A-1DC2-45E8-B599-4B5C32FBC85B}
		{1368FE7F-E1A7-4FD5-AF05-CFA59C0E0E69} = {6464122A-1DC2-45E8-B599-4B5C32FBC85B}
		{9ECCC0EC-CC5A-4E49-96BE-3F2B15CCD94D} = {6464122A-1DC2-45E8-B599-4B5C32FBC85B}
		{2BACB63E-2830-4371-AEBB-E8089E3EB316} = {6464122A-1DC2-45E8-B599-4B5C32FBC85B}
		{19A28EF9-A5AE-4EC5-851C-D2547E5FE29C} = {6464122A-1DC2-45E8-B599-4B5C32FBC85B}
		{26765303-B9D8-457B-915C-ED869CEEB210} = {4E6D558B-CA6D-4133-8701-FDC6F245DA37}
	EndGlobalSection
	GlobalSection(ExtensibilityGlobals) = postSolution
		SolutionGuid = {28315BFD-90E7-4E14-A2EA-F3D23AF4126F}
	EndGlobalSection
EndGlobal
